// !$*UTF8*$!
{
	archiveVersion = 1;
	classes = {
	};
	objectVersion = 50;
	objects = {

/* Begin PBXBuildFile section */
		043216EC22F94BFF00C572B2 /* AppDelegate.swift in Sources */ = {isa = PBXBuildFile; fileRef = 043216EB22F94BFF00C572B2 /* AppDelegate.swift */; };
		043216EE22F94BFF00C572B2 /* SceneDelegate.swift in Sources */ = {isa = PBXBuildFile; fileRef = 043216ED22F94BFF00C572B2 /* SceneDelegate.swift */; };
		043216F022F94BFF00C572B2 /* ViewController.swift in Sources */ = {isa = PBXBuildFile; fileRef = 043216EF22F94BFF00C572B2 /* ViewController.swift */; };
		043216F322F94BFF00C572B2 /* Main.storyboard in Resources */ = {isa = PBXBuildFile; fileRef = 043216F122F94BFF00C572B2 /* Main.storyboard */; };
		043216F522F94C0100C572B2 /* Assets.xcassets in Resources */ = {isa = PBXBuildFile; fileRef = 043216F422F94C0100C572B2 /* Assets.xcassets */; };
		043216F822F94C0100C572B2 /* LaunchScreen.storyboard in Resources */ = {isa = PBXBuildFile; fileRef = 043216F622F94C0100C572B2 /* LaunchScreen.storyboard */; };
		0432170122F9576B00C572B2 /* UITraitCollection+.swift in Sources */ = {isa = PBXBuildFile; fileRef = 0432170022F9576B00C572B2 /* UITraitCollection+.swift */; };
		0432170322F95B1D00C572B2 /* UIColor+.swift in Sources */ = {isa = PBXBuildFile; fileRef = 0432170222F95B1D00C572B2 /* UIColor+.swift */; };
/* End PBXBuildFile section */

/* Begin PBXFileReference section */
		043216E822F94BFF00C572B2 /* DarkModeExampleApp.app */ = {isa = PBXFileReference; explicitFileType = wrapper.application; includeInIndex = 0; path = DarkModeExampleApp.app; sourceTree = BUILT_PRODUCTS_DIR; };
		043216EB22F94BFF00C572B2 /* AppDelegate.swift */ = {isa = PBXFileReference; lastKnownFileType = sourcecode.swift; path = AppDelegate.swift; sourceTree = "<group>"; };
		043216ED22F94BFF00C572B2 /* SceneDelegate.swift */ = {isa = PBXFileReference; lastKnownFileType = sourcecode.swift; path = SceneDelegate.swift; sourceTree = "<group>"; };
		043216EF22F94BFF00C572B2 /* ViewController.swift */ = {isa = PBXFileReference; lastKnownFileType = sourcecode.swift; path = ViewController.swift; sourceTree = "<group>"; };
		043216F222F94BFF00C572B2 /* Base */ = {isa = PBXFileReference; lastKnownFileType = file.storyboard; name = Base; path = Base.lproj/Main.storyboard; sourceTree = "<group>"; };
		043216F422F94C0100C572B2 /* Assets.xcassets */ = {isa = PBXFileReference; lastKnownFileType = folder.assetcatalog; path = Assets.xcassets; sourceTree = "<group>"; };
		043216F722F94C0100C572B2 /* Base */ = {isa = PBXFileReference; lastKnownFileType = file.storyboard; name = Base; path = Base.lproj/LaunchScreen.storyboard; sourceTree = "<group>"; };
		043216F922F94C0100C572B2 /* Info.plist */ = {isa = PBXFileReference; lastKnownFileType = text.plist.xml; path = Info.plist; sourceTree = "<group>"; };
		0432170022F9576B00C572B2 /* UITraitCollection+.swift */ = {isa = PBXFileReference; lastKnownFileType = sourcecode.swift; path = "UITraitCollection+.swift"; sourceTree = "<group>"; };
		0432170222F95B1D00C572B2 /* UIColor+.swift */ = {isa = PBXFileReference; lastKnownFileType = sourcecode.swift; path = "UIColor+.swift"; sourceTree = "<group>"; };
/* End PBXFileReference section */

/* Begin PBXFrameworksBuildPhase section */
		043216E522F94BFF00C572B2 /* Frameworks */ = {
			isa = PBXFrameworksBuildPhase;
			buildActionMask = 2147483647;
			files = (
			);
			runOnlyForDeploymentPostprocessing = 0;
		};
/* End PBXFrameworksBuildPhase section */

/* Begin PBXGroup section */
		043216DF22F94BFF00C572B2 = {
			isa = PBXGroup;
			children = (
				043216EA22F94BFF00C572B2 /* DarkModeExampleApp */,
				043216E922F94BFF00C572B2 /* Products */,
			);
			sourceTree = "<group>";
		};
		043216E922F94BFF00C572B2 /* Products */ = {
			isa = PBXGroup;
			children = (
				043216E822F94BFF00C572B2 /* DarkModeExampleApp.app */,
			);
			name = Products;
			sourceTree = "<group>";
		};
		043216EA22F94BFF00C572B2 /* DarkModeExampleApp */ = {
			isa = PBXGroup;
			children = (
				043216FF22F9575E00C572B2 /* Extension */,
				043216EB22F94BFF00C572B2 /* AppDelegate.swift */,
				043216ED22F94BFF00C572B2 /* SceneDelegate.swift */,
				043216EF22F94BFF00C572B2 /* ViewController.swift */,
				043216F122F94BFF00C572B2 /* Main.storyboard */,
				043216F422F94C0100C572B2 /* Assets.xcassets */,
				043216F622F94C0100C572B2 /* LaunchScreen.storyboard */,
				043216F922F94C0100C572B2 /* Info.plist */,
			);
			path = DarkModeExampleApp;
			sourceTree = "<group>";
		};
		043216FF22F9575E00C572B2 /* Extension */ = {
			isa = PBXGroup;
			children = (
				0432170022F9576B00C572B2 /* UITraitCollection+.swift */,
				0432170222F95B1D00C572B2 /* UIColor+.swift */,
			);
			path = Extension;
			sourceTree = "<group>";
		};
/* End PBXGroup section */

/* Begin PBXNativeTarget section */
		043216E722F94BFF00C572B2 /* DarkModeExampleApp */ = {
			isa = PBXNativeTarget;
			buildConfigurationList = 043216FC22F94C0100C572B2 /* Build configuration list for PBXNativeTarget "DarkModeExampleApp" */;
			buildPhases = (
				043216E422F94BFF00C572B2 /* Sources */,
				043216E522F94BFF00C572B2 /* Frameworks */,
				043216E622F94BFF00C572B2 /* Resources */,
			);
			buildRules = (
			);
			dependencies = (
			);
			name = DarkModeExampleApp;
			productName = DarkModeExampleApp;
			productReference = 043216E822F94BFF00C572B2 /* DarkModeExampleApp.app */;
			productType = "com.apple.product-type.application";
		};
/* End PBXNativeTarget section */

/* Begin PBXProject section */
		043216E022F94BFF00C572B2 /* Project object */ = {
			isa = PBXProject;
			attributes = {
				LastSwiftUpdateCheck = 1100;
				LastUpgradeCheck = 1100;
				ORGANIZATIONNAME = "i-enter";
				TargetAttributes = {
					043216E722F94BFF00C572B2 = {
						CreatedOnToolsVersion = 11.0;
					};
				};
			};
			buildConfigurationList = 043216E322F94BFF00C572B2 /* Build configuration list for PBXProject "DarkModeExampleApp" */;
			compatibilityVersion = "Xcode 9.3";
			developmentRegion = en;
			hasScannedForEncodings = 0;
			knownRegions = (
				en,
				Base,
			);
			mainGroup = 043216DF22F94BFF00C572B2;
			productRefGroup = 043216E922F94BFF00C572B2 /* Products */;
			projectDirPath = "";
			projectRoot = "";
			targets = (
				043216E722F94BFF00C572B2 /* DarkModeExampleApp */,
			);
		};
/* End PBXProject section */

/* Begin PBXResourcesBuildPhase section */
		043216E622F94BFF00C572B2 /* Resources */ = {
			isa = PBXResourcesBuildPhase;
			buildActionMask = 2147483647;
			files = (
				043216F822F94C0100C572B2 /* LaunchScreen.storyboard in Resources */,
				043216F522F94C0100C572B2 /* Assets.xcassets in Resources */,
				043216F322F94BFF00C572B2 /* Main.storyboard in Resources */,
			);
			runOnlyForDeploymentPostprocessing = 0;
		};
/* End PBXResourcesBuildPhase section */

/* Begin PBXSourcesBuildPhase section */
		043216E422F94BFF00C572B2 /* Sources */ = {
			isa = PBXSourcesBuildPhase;
			buildActionMask = 2147483647;
			files = (
				0432170122F9576B00C572B2 /* UITraitCollection+.swift in Sources */,
				043216F022F94BFF00C572B2 /* ViewController.swift in Sources */,
				043216EC22F94BFF00C572B2 /* AppDelegate.swift in Sources */,
				043216EE22F94BFF00C572B2 /* SceneDelegate.swift in Sources */,
				0432170322F95B1D00C572B2 /* UIColor+.swift in Sources */,
			);
			runOnlyForDeploymentPostprocessing = 0;
		};
/* End PBXSourcesBuildPhase section */

/* Begin PBXVariantGroup section */
		043216F122F94BFF00C572B2 /* Main.storyboard */ = {
			isa = PBXVariantGroup;
			children = (
				043216F222F94BFF00C572B2 /* Base */,
			);
			name = Main.storyboard;
			sourceTree = "<group>";
		};
		043216F622F94C0100C572B2 /* LaunchScreen.storyboard */ = {
			isa = PBXVariantGroup;
			children = (
				043216F722F94C0100C572B2 /* Base */,
			);
			name = LaunchScreen.storyboard;
			sourceTree = "<group>";
		};
/* End PBXVariantGroup section */

/* Begin XCBuildConfiguration section */
		043216FA22F94C0100C572B2 /* Debug */ = {
			isa = XCBuildConfiguration;
			buildSettings = {
				ALWAYS_SEARCH_USER_PATHS = NO;
				CLANG_ANALYZER_NONNULL = YES;
				CLANG_ANALYZER_NUMBER_OBJECT_CONVERSION = YES_AGGRESSIVE;
				CLANG_CXX_LANGUAGE_STANDARD = "gnu++14";
				CLANG_CXX_LIBRARY = "libc++";
				CLANG_ENABLE_MODULES = YES;
				CLANG_ENABLE_OBJC_ARC = YES;
				CLANG_ENABLE_OBJC_WEAK = YES;
				CLANG_WARN_BLOCK_CAPTURE_AUTORELEASING = YES;
				CLANG_WARN_BOOL_CONVERSION = YES;
				CLANG_WARN_COMMA = YES;
				CLANG_WARN_CONSTANT_CONVERSION = YES;
				CLANG_WARN_DEPRECATED_OBJC_IMPLEMENTATIONS = YES;
				CLANG_WARN_DIRECT_OBJC_ISA_USAGE = YES_ERROR;
				CLANG_WARN_DOCUMENTATION_COMMENTS = YES;
				CLANG_WARN_EMPTY_BODY = YES;
				CLANG_WARN_ENUM_CONVERSION = YES;
				CLANG_WARN_INFINITE_RECURSION = YES;
				CLANG_WARN_INT_CONVERSION = YES;
				CLANG_WARN_NON_LITERAL_NULL_CONVERSION = YES;
				CLANG_WARN_OBJC_IMPLICIT_RETAIN_SELF = YES;
				CLANG_WARN_OBJC_LITERAL_CONVERSION = YES;
				CLANG_WARN_OBJC_ROOT_CLASS = YES_ERROR;
				CLANG_WARN_RANGE_LOOP_ANALYSIS = YES;
				CLANG_WARN_STRICT_PROTOTYPES = YES;
				CLANG_WARN_SUSPICIOUS_MOVE = YES;
				CLANG_WARN_UNGUARDED_AVAILABILITY = YES_AGGRESSIVE;
				CLANG_WARN_UNREACHABLE_CODE = YES;
				CLANG_WARN__DUPLICATE_METHOD_MATCH = YES;
				COPY_PHASE_STRIP = NO;
				DEBUG_INFORMATION_FORMAT = dwarf;
				ENABLE_STRICT_OBJC_MSGSEND = YES;
				ENABLE_TESTABILITY = YES;
				GCC_C_LANGUAGE_STANDARD = gnu11;
				GCC_DYNAMIC_NO_PIC = NO;
				GCC_NO_COMMON_BLOCKS = YES;
				GCC_OPTIMIZATION_LEVEL = 0;
				GCC_PREPROCESSOR_DEFINITIONS = (
					"DEBUG=1",
					"$(inherited)",
				);
				GCC_WARN_64_TO_32_BIT_CONVERSION = YES;
				GCC_WARN_ABOUT_RETURN_TYPE = YES_ERROR;
				GCC_WARN_UNDECLARED_SELECTOR = YES;
				GCC_WARN_UNINITIALIZED_AUTOS = YES_AGGRESSIVE;
				GCC_WARN_UNUSED_FUNCTION = YES;
				GCC_WARN_UNUSED_VARIABLE = YES;
				IPHONEOS_DEPLOYMENT_TARGET = 13.0;
				MTL_ENABLE_DEBUG_INFO = INCLUDE_SOURCE;
				MTL_FAST_MATH = YES;
				ONLY_ACTIVE_ARCH = YES;
				SDKROOT = iphoneos;
				SWIFT_ACTIVE_COMPILATION_CONDITIONS = DEBUG;
				SWIFT_OPTIMIZATION_LEVEL = "-Onone";
			};
			name = Debug;
		};
		043216FB22F94C0100C572B2 /* Release */ = {
			isa = XCBuildConfiguration;
			buildSettings = {
				ALWAYS_SEARCH_USER_PATHS = NO;
				CLANG_ANALYZER_NONNULL = YES;
				CLANG_ANALYZER_NUMBER_OBJECT_CONVERSION = YES_AGGRESSIVE;
				CLANG_CXX_LANGUAGE_STANDARD = "gnu++14";
				CLANG_CXX_LIBRARY = "libc++";
				CLANG_ENABLE_MODULES = YES;
				CLANG_ENABLE_OBJC_ARC = YES;
				CLANG_ENABLE_OBJC_WEAK = YES;
				CLANG_WARN_BLOCK_CAPTURE_AUTORELEASING = YES;
				CLANG_WARN_BOOL_CONVERSION = YES;
				CLANG_WARN_COMMA = YES;
				CLANG_WARN_CONSTANT_CONVERSION = YES;
				CLANG_WARN_DEPRECATED_OBJC_IMPLEMENTATIONS = YES;
				CLANG_WARN_DIRECT_OBJC_ISA_USAGE = YES_ERROR;
				CLANG_WARN_DOCUMENTATION_COMMENTS = YES;
				CLANG_WARN_EMPTY_BODY = YES;
				CLANG_WARN_ENUM_CONVERSION = YES;
				CLANG_WARN_INFINITE_RECURSION = YES;
				CLANG_WARN_INT_CONVERSION = YES;
				CLANG_WARN_NON_LITERAL_NULL_CONVERSION = YES;
				CLANG_WARN_OBJC_IMPLICIT_RETAIN_SELF = YES;
				CLANG_WARN_OBJC_LITERAL_CONVERSION = YES;
				CLANG_WARN_OBJC_ROOT_CLASS = YES_ERROR;
				CLANG_WARN_RANGE_LOOP_ANALYSIS = YES;
				CLANG_WARN_STRICT_PROTOTYPES = YES;
				CLANG_WARN_SUSPICIOUS_MOVE = YES;
				CLANG_WARN_UNGUARDED_AVAILABILITY = YES_AGGRESSIVE;
				CLANG_WARN_UNREACHABLE_CODE = YES;
				CLANG_WARN__DUPLICATE_METHOD_MATCH = YES;
				COPY_PHASE_STRIP = NO;
				DEBUG_INFORMATION_FORMAT = "dwarf-with-dsym";
				ENABLE_NS_ASSERTIONS = NO;
				ENABLE_STRICT_OBJC_MSGSEND = YES;
				GCC_C_LANGUAGE_STANDARD = gnu11;
				GCC_NO_COMMON_BLOCKS = YES;
				GCC_WARN_64_TO_32_BIT_CONVERSION = YES;
				GCC_WARN_ABOUT_RETURN_TYPE = YES_ERROR;
				GCC_WARN_UNDECLARED_SELECTOR = YES;
				GCC_WARN_UNINITIALIZED_AUTOS = YES_AGGRESSIVE;
				GCC_WARN_UNUSED_FUNCTION = YES;
				GCC_WARN_UNUSED_VARIABLE = YES;
				IPHONEOS_DEPLOYMENT_TARGET = 13.0;
				MTL_ENABLE_DEBUG_INFO = NO;
				MTL_FAST_MATH = YES;
				SDKROOT = iphoneos;
				SWIFT_COMPILATION_MODE = wholemodule;
				SWIFT_OPTIMIZATION_LEVEL = "-O";
				VALIDATE_PRODUCT = YES;
			};
			name = Release;
		};
		043216FD22F94C0100C572B2 /* Debug */ = {
			isa = XCBuildConfiguration;
			buildSettings = {
				ASSETCATALOG_COMPILER_APPICON_NAME = AppIcon;
				CODE_SIGN_STYLE = Automatic;
				INFOPLIST_FILE = DarkModeExampleApp/Info.plist;
				LD_RUNPATH_SEARCH_PATHS = (
					"$(inherited)",
					"@executable_path/Frameworks",
				);
				PRODUCT_BUNDLE_IDENTIFIER = "jp.co.i-enter..DarkModeExampleApp";
				PRODUCT_NAME = "$(TARGET_NAME)";
				SWIFT_VERSION = 5.0;
				TARGETED_DEVICE_FAMILY = "1,2";
			};
			name = Debug;
		};
		043216FE22F94C0100C572B2 /* Release */ = {
			isa = XCBuildConfiguration;
			buildSettings = {
				ASSETCATALOG_COMPILER_APPICON_NAME = AppIcon;
				CODE_SIGN_STYLE = Automatic;
				INFOPLIST_FILE = DarkModeExampleApp/Info.plist;
				LD_RUNPATH_SEARCH_PATHS = (
					"$(inherited)",
					"@executable_path/Frameworks",
				);
				PRODUCT_BUNDLE_IDENTIFIER = "jp.co.i-enter..DarkModeExampleApp";
				PRODUCT_NAME = "$(TARGET_NAME)";
				SWIFT_VERSION = 5.0;
				TARGETED_DEVICE_FAMILY = "1,2";
			};
			name = Release;
		};
/* End XCBuildConfiguration section */

/* Begin XCConfigurationList section */
		043216E322F94BFF00C572B2 /* Build configuration list for PBXProject "DarkModeExampleApp" */ = {
			isa = XCConfigurationList;
			buildConfigurations = (
				043216FA22F94C0100C572B2 /* Debug */,
				043216FB22F94C0100C572B2 /* Release */,
			);
			defaultConfigurationIsVisible = 0;
			defaultConfigurationName = Release;
		};
		043216FC22F94C0100C572B2 /* Build configuration list for PBXNativeTarget "DarkModeExampleApp" */ = {
			isa = XCConfigurationList;
			buildConfigurations = (
				043216FD22F94C0100C572B2 /* Debug */,
				043216FE22F94C0100C572B2 /* Release */,
			);
			defaultConfigurationIsVisible = 0;
			defaultConfigurationName = Release;
		};
/* End XCConfigurationList section */
	};
	rootObject = 043216E022F94BFF00C572B2 /* Project object */;
}
